PODS:
  - Alamofire (5.2.1)
  - CocoaLumberjack (3.6.1):
    - CocoaLumberjack/Core (= 3.6.1)
  - CocoaLumberjack/Core (3.6.1)
  - Hippolyte (1.2.1)
  - ProgressHUD (13.4)
  - SDWebImage (5.8.3):
    - SDWebImage/Core (= 5.8.3)
  - SDWebImage/Core (5.8.3)
  - SwiftLint (0.39.2)

DEPENDENCIES:
  - Alamofire (~> 5.2)
  - CocoaLumberjack
  - Hippolyte
  - ProgressHUD
  - SDWebImage
  - SwiftLint

SPEC REPOS:
  trunk:
    - Alamofire
    - CocoaLumberjack
    - Hippolyte
    - ProgressHUD
    - SDWebImage
    - SwiftLint

SPEC CHECKSUMS:
  Alamofire: e911732990610fe89af59ac0077f923d72dc3dfd
  CocoaLumberjack: b17ae15142558d08bbacf69775fa10c4abbebcc9
  Hippolyte: eba3f74297b82aa04330067cf99142d0db90a9db
  ProgressHUD: 137a7fc677487c5581668f4490563124fb35c232
  SDWebImage: 112503ec94a5a2a41869503844a15e8d8f1ead5c
  SwiftLint: 22ccbbe3b8008684be5955693bab135e0ed6a447

PODFILE CHECKSUM: 96e50a45b9b07ef8e500448e9b28c93ad65060fd

COCOAPODS: 1.8.4
