PODS:
  - Alamofire (5.2.1)
  - CocoaLumberjack (3.6.1):
    - CocoaLumberjack/Core (= 3.6.1)
  - CocoaLumberjack/Core (3.6.1)
  - SDWebImage (5.8.3):
    - SDWebImage/Core (= 5.8.3)
  - SDWebImage/Core (5.8.3)
  - SwiftLint (0.39.2)
  - SwiftyJSON (4.3.0)

DEPENDENCIES:
  - Alamofire (~> 5.2)
  - CocoaLumberjack
  - SDWebImage
  - SwiftLint
  - SwiftyJSON (~> 4.0)

SPEC REPOS:
  trunk:
    - Alamofire
    - CocoaLumberjack
    - SDWebImage
    - SwiftLint
    - SwiftyJSON

SPEC CHECKSUMS:
  Alamofire: e911732990610fe89af59ac0077f923d72dc3dfd
  CocoaLumberjack: b17ae15142558d08bbacf69775fa10c4abbebcc9
  SDWebImage: 112503ec94a5a2a41869503844a15e8d8f1ead5c
  SwiftLint: 22ccbbe3b8008684be5955693bab135e0ed6a447
  SwiftyJSON: 6faa0040f8b59dead0ee07436cbf76b73c08fd08

PODFILE CHECKSUM: 925623de78cf42b01e887fb3017303d8bd92c8cc

COCOAPODS: 1.8.4
