// !$*UTF8*$!
{
	archiveVersion = 1;
	classes = {
	};
	objectVersion = 51;
	objects = {

/* Begin PBXBuildFile section */
		620256A279D0A2C2697E90CB /* Pods_FactsAssignmentTests.framework in Frameworks */ = {isa = PBXBuildFile; fileRef = 2AF5CF2B91E5E131A6ED8BB9 /* Pods_FactsAssignmentTests.framework */; };
		7309017FF667F9F3DA37870B /* Pods_FactsAssignment.framework in Frameworks */ = {isa = PBXBuildFile; fileRef = 4F1DA314DF542A05282CCD25 /* Pods_FactsAssignment.framework */; };
		BB0B8AEE24B77018003AE127 /* RowTableViewCell.swift in Sources */ = {isa = PBXBuildFile; fileRef = BB0B8AED24B77018003AE127 /* RowTableViewCell.swift */; };
		BB4346AB24B7747000BA275C /* Extension.swift in Sources */ = {isa = PBXBuildFile; fileRef = BB4346AA24B7747000BA275C /* Extension.swift */; };
		BB4346AD24B7762D00BA275C /* .swiftlint.yml in Resources */ = {isa = PBXBuildFile; fileRef = BB4346AC24B7762D00BA275C /* .swiftlint.yml */; };
		BB4346AF24B776CF00BA275C /* FactsModel.swift in Sources */ = {isa = PBXBuildFile; fileRef = BB4346AE24B776CF00BA275C /* FactsModel.swift */; };
		BBDD822A24B7613700A1B417 /* AppDelegate.swift in Sources */ = {isa = PBXBuildFile; fileRef = BBDD822924B7613700A1B417 /* AppDelegate.swift */; };
		BBDD822C24B7613700A1B417 /* SceneDelegate.swift in Sources */ = {isa = PBXBuildFile; fileRef = BBDD822B24B7613700A1B417 /* SceneDelegate.swift */; };
		BBDD823624B7613900A1B417 /* Assets.xcassets in Resources */ = {isa = PBXBuildFile; fileRef = BBDD823524B7613900A1B417 /* Assets.xcassets */; };
		BBDD824424B7613900A1B417 /* RetrieveFactsServiceTest.swift in Sources */ = {isa = PBXBuildFile; fileRef = BBDD824324B7613900A1B417 /* RetrieveFactsServiceTest.swift */; };
		BBDD825924B7623000A1B417 /* LaunchScreen.storyboard in Resources */ = {isa = PBXBuildFile; fileRef = BBDD823724B7613900A1B417 /* LaunchScreen.storyboard */; };
		BBDD825B24B7629B00A1B417 /* FactsViewController.swift in Sources */ = {isa = PBXBuildFile; fileRef = BBDD825A24B7629B00A1B417 /* FactsViewController.swift */; };
		BBE340C724B8F711007A7166 /* FactsViewModel.swift in Sources */ = {isa = PBXBuildFile; fileRef = BBE340C624B8F711007A7166 /* FactsViewModel.swift */; };
		BBE340C924B8F97A007A7166 /* FactsViewController + DataSource.swift in Sources */ = {isa = PBXBuildFile; fileRef = BBE340C824B8F97A007A7166 /* FactsViewController + DataSource.swift */; };
		BBE340CC24B9137F007A7166 /* RetrieveFactsService.swift in Sources */ = {isa = PBXBuildFile; fileRef = BBE3C2AA24B8766F00A7E106 /* RetrieveFactsService.swift */; };
		BBE340CD24B914A3007A7166 /* FactsModel.swift in Sources */ = {isa = PBXBuildFile; fileRef = BB4346AE24B776CF00BA275C /* FactsModel.swift */; };
		BBE340D124B915C3007A7166 /* FactsViewModelTest.swift in Sources */ = {isa = PBXBuildFile; fileRef = BBE340D024B915C3007A7166 /* FactsViewModelTest.swift */; };
		BBE340D224B91669007A7166 /* FactsViewModel.swift in Sources */ = {isa = PBXBuildFile; fileRef = BBE340C624B8F711007A7166 /* FactsViewModel.swift */; };
		BBE3C2AB24B8766F00A7E106 /* RetrieveFactsService.swift in Sources */ = {isa = PBXBuildFile; fileRef = BBE3C2AA24B8766F00A7E106 /* RetrieveFactsService.swift */; };
/* End PBXBuildFile section */

/* Begin PBXContainerItemProxy section */
		BBDD824024B7613900A1B417 /* PBXContainerItemProxy */ = {
			isa = PBXContainerItemProxy;
			containerPortal = BBDD821E24B7613700A1B417 /* Project object */;
			proxyType = 1;
			remoteGlobalIDString = BBDD822524B7613700A1B417;
			remoteInfo = FactsAssignment;
		};
/* End PBXContainerItemProxy section */

/* Begin PBXFileReference section */
		2AF5CF2B91E5E131A6ED8BB9 /* Pods_FactsAssignmentTests.framework */ = {isa = PBXFileReference; explicitFileType = wrapper.framework; includeInIndex = 0; path = Pods_FactsAssignmentTests.framework; sourceTree = BUILT_PRODUCTS_DIR; };
		49E9DC42BA822C6ECAC3D995 /* Pods-FactsAssignmentTests.debug.xcconfig */ = {isa = PBXFileReference; includeInIndex = 1; lastKnownFileType = text.xcconfig; name = "Pods-FactsAssignmentTests.debug.xcconfig"; path = "Target Support Files/Pods-FactsAssignmentTests/Pods-FactsAssignmentTests.debug.xcconfig"; sourceTree = "<group>"; };
		4F1DA314DF542A05282CCD25 /* Pods_FactsAssignment.framework */ = {isa = PBXFileReference; explicitFileType = wrapper.framework; includeInIndex = 0; path = Pods_FactsAssignment.framework; sourceTree = BUILT_PRODUCTS_DIR; };
		75D7645BAE4DE08663E73236 /* Pods-FactsAssignmentTests.release.xcconfig */ = {isa = PBXFileReference; includeInIndex = 1; lastKnownFileType = text.xcconfig; name = "Pods-FactsAssignmentTests.release.xcconfig"; path = "Target Support Files/Pods-FactsAssignmentTests/Pods-FactsAssignmentTests.release.xcconfig"; sourceTree = "<group>"; };
		8064A614230697484496B961 /* Pods-FactsAssignment.release.xcconfig */ = {isa = PBXFileReference; includeInIndex = 1; lastKnownFileType = text.xcconfig; name = "Pods-FactsAssignment.release.xcconfig"; path = "Target Support Files/Pods-FactsAssignment/Pods-FactsAssignment.release.xcconfig"; sourceTree = "<group>"; };
		BB0716C00BA75187DC481B3C /* Pods-FactsAssignment.debug.xcconfig */ = {isa = PBXFileReference; includeInIndex = 1; lastKnownFileType = text.xcconfig; name = "Pods-FactsAssignment.debug.xcconfig"; path = "Target Support Files/Pods-FactsAssignment/Pods-FactsAssignment.debug.xcconfig"; sourceTree = "<group>"; };
		BB0B8AED24B77018003AE127 /* RowTableViewCell.swift */ = {isa = PBXFileReference; lastKnownFileType = sourcecode.swift; path = RowTableViewCell.swift; sourceTree = "<group>"; };
		BB4346AA24B7747000BA275C /* Extension.swift */ = {isa = PBXFileReference; lastKnownFileType = sourcecode.swift; path = Extension.swift; sourceTree = "<group>"; };
		BB4346AC24B7762D00BA275C /* .swiftlint.yml */ = {isa = PBXFileReference; lastKnownFileType = text.yaml; path = .swiftlint.yml; sourceTree = "<group>"; };
		BB4346AE24B776CF00BA275C /* FactsModel.swift */ = {isa = PBXFileReference; lastKnownFileType = sourcecode.swift; path = FactsModel.swift; sourceTree = "<group>"; };
		BBDD822624B7613700A1B417 /* FactsAssignment.app */ = {isa = PBXFileReference; explicitFileType = wrapper.application; includeInIndex = 0; path = FactsAssignment.app; sourceTree = BUILT_PRODUCTS_DIR; };
		BBDD822924B7613700A1B417 /* AppDelegate.swift */ = {isa = PBXFileReference; lastKnownFileType = sourcecode.swift; name = AppDelegate.swift; path = ../AppDelegate.swift; sourceTree = "<group>"; };
		BBDD822B24B7613700A1B417 /* SceneDelegate.swift */ = {isa = PBXFileReference; lastKnownFileType = sourcecode.swift; name = SceneDelegate.swift; path = ../SceneDelegate.swift; sourceTree = "<group>"; };
		BBDD823524B7613900A1B417 /* Assets.xcassets */ = {isa = PBXFileReference; lastKnownFileType = folder.assetcatalog; path = Assets.xcassets; sourceTree = "<group>"; };
		BBDD823824B7613900A1B417 /* Base */ = {isa = PBXFileReference; lastKnownFileType = file.storyboard; name = Base; path = Base.lproj/LaunchScreen.storyboard; sourceTree = "<group>"; };
		BBDD823A24B7613900A1B417 /* Info.plist */ = {isa = PBXFileReference; lastKnownFileType = text.plist.xml; name = Info.plist; path = ../Info.plist; sourceTree = "<group>"; };
		BBDD823F24B7613900A1B417 /* FactsAssignmentTests.xctest */ = {isa = PBXFileReference; explicitFileType = wrapper.cfbundle; includeInIndex = 0; path = FactsAssignmentTests.xctest; sourceTree = BUILT_PRODUCTS_DIR; };
		BBDD824324B7613900A1B417 /* RetrieveFactsServiceTest.swift */ = {isa = PBXFileReference; lastKnownFileType = sourcecode.swift; path = RetrieveFactsServiceTest.swift; sourceTree = "<group>"; };
		BBDD824524B7613900A1B417 /* Info.plist */ = {isa = PBXFileReference; lastKnownFileType = text.plist.xml; path = Info.plist; sourceTree = "<group>"; };
		BBDD825A24B7629B00A1B417 /* FactsViewController.swift */ = {isa = PBXFileReference; lastKnownFileType = sourcecode.swift; path = FactsViewController.swift; sourceTree = "<group>"; };
		BBE340C624B8F711007A7166 /* FactsViewModel.swift */ = {isa = PBXFileReference; lastKnownFileType = sourcecode.swift; path = FactsViewModel.swift; sourceTree = "<group>"; };
		BBE340C824B8F97A007A7166 /* FactsViewController + DataSource.swift */ = {isa = PBXFileReference; lastKnownFileType = sourcecode.swift; path = "FactsViewController + DataSource.swift"; sourceTree = "<group>"; };
		BBE340D024B915C3007A7166 /* FactsViewModelTest.swift */ = {isa = PBXFileReference; lastKnownFileType = sourcecode.swift; path = FactsViewModelTest.swift; sourceTree = "<group>"; };
		BBE3C2AA24B8766F00A7E106 /* RetrieveFactsService.swift */ = {isa = PBXFileReference; lastKnownFileType = sourcecode.swift; path = RetrieveFactsService.swift; sourceTree = "<group>"; };
/* End PBXFileReference section */

/* Begin PBXFrameworksBuildPhase section */
		BBDD822324B7613700A1B417 /* Frameworks */ = {
			isa = PBXFrameworksBuildPhase;
			buildActionMask = 2147483647;
			files = (
				7309017FF667F9F3DA37870B /* Pods_FactsAssignment.framework in Frameworks */,
			);
			runOnlyForDeploymentPostprocessing = 0;
		};
		BBDD823C24B7613900A1B417 /* Frameworks */ = {
			isa = PBXFrameworksBuildPhase;
			buildActionMask = 2147483647;
			files = (
				620256A279D0A2C2697E90CB /* Pods_FactsAssignmentTests.framework in Frameworks */,
			);
			runOnlyForDeploymentPostprocessing = 0;
		};
/* End PBXFrameworksBuildPhase section */

/* Begin PBXGroup section */
		4465D093B84DB37CAA6EF4F0 /* Frameworks */ = {
			isa = PBXGroup;
			children = (
				4F1DA314DF542A05282CCD25 /* Pods_FactsAssignment.framework */,
				2AF5CF2B91E5E131A6ED8BB9 /* Pods_FactsAssignmentTests.framework */,
			);
			name = Frameworks;
			sourceTree = "<group>";
		};
		A3B5230C32C55780E68776A8 /* Pods */ = {
			isa = PBXGroup;
			children = (
				BB0716C00BA75187DC481B3C /* Pods-FactsAssignment.debug.xcconfig */,
				8064A614230697484496B961 /* Pods-FactsAssignment.release.xcconfig */,
				49E9DC42BA822C6ECAC3D995 /* Pods-FactsAssignmentTests.debug.xcconfig */,
				75D7645BAE4DE08663E73236 /* Pods-FactsAssignmentTests.release.xcconfig */,
			);
			path = Pods;
			sourceTree = "<group>";
		};
		BBDD821D24B7613700A1B417 = {
			isa = PBXGroup;
			children = (
				BB4346AC24B7762D00BA275C /* .swiftlint.yml */,
				BBDD822824B7613700A1B417 /* FactsAssignment */,
				BBDD824224B7613900A1B417 /* FactsAssignmentTests */,
				BBDD822724B7613700A1B417 /* Products */,
				A3B5230C32C55780E68776A8 /* Pods */,
				4465D093B84DB37CAA6EF4F0 /* Frameworks */,
			);
			sourceTree = "<group>";
		};
		BBDD822724B7613700A1B417 /* Products */ = {
			isa = PBXGroup;
			children = (
				BBDD822624B7613700A1B417 /* FactsAssignment.app */,
				BBDD823F24B7613900A1B417 /* FactsAssignmentTests.xctest */,
			);
			name = Products;
			sourceTree = "<group>";
		};
		BBDD822824B7613700A1B417 /* FactsAssignment */ = {
			isa = PBXGroup;
			children = (
				BBE3C2A924B8762200A7E106 /* Services */,
				BBDD825324B7616F00A1B417 /* View */,
				BBDD825224B7616700A1B417 /* Model */,
				BBDD825124B7616200A1B417 /* ViewModel */,
				BBDD824F24B7615400A1B417 /* Supporting Files */,
				BBDD824E24B7614900A1B417 /* Resources */,
			);
			path = FactsAssignment;
			sourceTree = "<group>";
		};
		BBDD824224B7613900A1B417 /* FactsAssignmentTests */ = {
			isa = PBXGroup;
			children = (
				BBDD824324B7613900A1B417 /* RetrieveFactsServiceTest.swift */,
				BBE340D024B915C3007A7166 /* FactsViewModelTest.swift */,
				BBDD824524B7613900A1B417 /* Info.plist */,
			);
			path = FactsAssignmentTests;
			sourceTree = "<group>";
		};
		BBDD824E24B7614900A1B417 /* Resources */ = {
			isa = PBXGroup;
			children = (
				BBDD823524B7613900A1B417 /* Assets.xcassets */,
			);
			path = Resources;
			sourceTree = "<group>";
		};
		BBDD824F24B7615400A1B417 /* Supporting Files */ = {
			isa = PBXGroup;
			children = (
				BBDD822924B7613700A1B417 /* AppDelegate.swift */,
				BBDD822B24B7613700A1B417 /* SceneDelegate.swift */,
				BBDD823A24B7613900A1B417 /* Info.plist */,
				BB4346AA24B7747000BA275C /* Extension.swift */,
			);
			path = "Supporting Files";
			sourceTree = "<group>";
		};
		BBDD825124B7616200A1B417 /* ViewModel */ = {
			isa = PBXGroup;
			children = (
				BBE340C624B8F711007A7166 /* FactsViewModel.swift */,
			);
			path = ViewModel;
			sourceTree = "<group>";
		};
		BBDD825224B7616700A1B417 /* Model */ = {
			isa = PBXGroup;
			children = (
				BB4346AE24B776CF00BA275C /* FactsModel.swift */,
			);
			path = Model;
			sourceTree = "<group>";
		};
		BBDD825324B7616F00A1B417 /* View */ = {
			isa = PBXGroup;
			children = (
				BBDD823724B7613900A1B417 /* LaunchScreen.storyboard */,
				BBDD825A24B7629B00A1B417 /* FactsViewController.swift */,
				BBE340C824B8F97A007A7166 /* FactsViewController + DataSource.swift */,
				BB0B8AED24B77018003AE127 /* RowTableViewCell.swift */,
			);
			path = View;
			sourceTree = "<group>";
		};
		BBE3C2A924B8762200A7E106 /* Services */ = {
			isa = PBXGroup;
			children = (
				BBE3C2AA24B8766F00A7E106 /* RetrieveFactsService.swift */,
			);
			path = Services;
			sourceTree = "<group>";
		};
/* End PBXGroup section */

/* Begin PBXNativeTarget section */
		BBDD822524B7613700A1B417 /* FactsAssignment */ = {
			isa = PBXNativeTarget;
			buildConfigurationList = BBDD824824B7613900A1B417 /* Build configuration list for PBXNativeTarget "FactsAssignment" */;
			buildPhases = (
				F7AE18E07F6C7F987FB7E5EE /* [CP] Check Pods Manifest.lock */,
				BBDD822224B7613700A1B417 /* Sources */,
				BBDD822324B7613700A1B417 /* Frameworks */,
				BBDD822424B7613700A1B417 /* Resources */,
				5C72FE586EFA92C0BA1D92DE /* [CP] Embed Pods Frameworks */,
				BB0B8AEC24B76EA9003AE127 /* ShellScript */,
			);
			buildRules = (
			);
			dependencies = (
			);
			name = FactsAssignment;
			productName = FactsAssignment;
			productReference = BBDD822624B7613700A1B417 /* FactsAssignment.app */;
			productType = "com.apple.product-type.application";
		};
		BBDD823E24B7613900A1B417 /* FactsAssignmentTests */ = {
			isa = PBXNativeTarget;
			buildConfigurationList = BBDD824B24B7613900A1B417 /* Build configuration list for PBXNativeTarget "FactsAssignmentTests" */;
			buildPhases = (
				FFB7C6CB911313035C910D21 /* [CP] Check Pods Manifest.lock */,
				BBDD823B24B7613900A1B417 /* Sources */,
				BBDD823C24B7613900A1B417 /* Frameworks */,
				BBDD823D24B7613900A1B417 /* Resources */,
				FF5CE5FB72274BCD855E8579 /* [CP] Embed Pods Frameworks */,
			);
			buildRules = (
			);
			dependencies = (
				BBDD824124B7613900A1B417 /* PBXTargetDependency */,
			);
			name = FactsAssignmentTests;
			productName = FactsAssignmentTests;
			productReference = BBDD823F24B7613900A1B417 /* FactsAssignmentTests.xctest */;
			productType = "com.apple.product-type.bundle.unit-test";
		};
/* End PBXNativeTarget section */

/* Begin PBXProject section */
		BBDD821E24B7613700A1B417 /* Project object */ = {
			isa = PBXProject;
			attributes = {
				LastSwiftUpdateCheck = 1110;
				LastUpgradeCheck = 1110;
				ORGANIZATIONNAME = Pratiksha;
				TargetAttributes = {
					BBDD822524B7613700A1B417 = {
						CreatedOnToolsVersion = 11.1;
					};
					BBDD823E24B7613900A1B417 = {
						CreatedOnToolsVersion = 11.1;
						TestTargetID = BBDD822524B7613700A1B417;
					};
				};
			};
			buildConfigurationList = BBDD822124B7613700A1B417 /* Build configuration list for PBXProject "FactsAssignment" */;
			compatibilityVersion = "Xcode 9.3";
			developmentRegion = en;
			hasScannedForEncodings = 0;
			knownRegions = (
				en,
				Base,
			);
			mainGroup = BBDD821D24B7613700A1B417;
			productRefGroup = BBDD822724B7613700A1B417 /* Products */;
			projectDirPath = "";
			projectRoot = "";
			targets = (
				BBDD822524B7613700A1B417 /* FactsAssignment */,
				BBDD823E24B7613900A1B417 /* FactsAssignmentTests */,
			);
		};
/* End PBXProject section */

/* Begin PBXResourcesBuildPhase section */
		BBDD822424B7613700A1B417 /* Resources */ = {
			isa = PBXResourcesBuildPhase;
			buildActionMask = 2147483647;
			files = (
				BB4346AD24B7762D00BA275C /* .swiftlint.yml in Resources */,
				BBDD825924B7623000A1B417 /* LaunchScreen.storyboard in Resources */,
				BBDD823624B7613900A1B417 /* Assets.xcassets in Resources */,
			);
			runOnlyForDeploymentPostprocessing = 0;
		};
		BBDD823D24B7613900A1B417 /* Resources */ = {
			isa = PBXResourcesBuildPhase;
			buildActionMask = 2147483647;
			files = (
			);
			runOnlyForDeploymentPostprocessing = 0;
		};
/* End PBXResourcesBuildPhase section */

/* Begin PBXShellScriptBuildPhase section */
		5C72FE586EFA92C0BA1D92DE /* [CP] Embed Pods Frameworks */ = {
			isa = PBXShellScriptBuildPhase;
			buildActionMask = 2147483647;
			files = (
			);
			inputFileListPaths = (
				"${PODS_ROOT}/Target Support Files/Pods-FactsAssignment/Pods-FactsAssignment-frameworks-${CONFIGURATION}-input-files.xcfilelist",
			);
			name = "[CP] Embed Pods Frameworks";
			outputFileListPaths = (
				"${PODS_ROOT}/Target Support Files/Pods-FactsAssignment/Pods-FactsAssignment-frameworks-${CONFIGURATION}-output-files.xcfilelist",
			);
			runOnlyForDeploymentPostprocessing = 0;
			shellPath = /bin/sh;
			shellScript = "\"${PODS_ROOT}/Target Support Files/Pods-FactsAssignment/Pods-FactsAssignment-frameworks.sh\"\n";
			showEnvVarsInLog = 0;
		};
		BB0B8AEC24B76EA9003AE127 /* ShellScript */ = {
			isa = PBXShellScriptBuildPhase;
			buildActionMask = 2147483647;
			files = (
			);
			inputFileListPaths = (
			);
			inputPaths = (
			);
			outputFileListPaths = (
			);
			outputPaths = (
			);
			runOnlyForDeploymentPostprocessing = 0;
			shellPath = /bin/sh;
			shellScript = "${PODS_ROOT}/SwiftLint/swiftlint \n";
		};
		F7AE18E07F6C7F987FB7E5EE /* [CP] Check Pods Manifest.lock */ = {
			isa = PBXShellScriptBuildPhase;
			buildActionMask = 2147483647;
			files = (
			);
			inputFileListPaths = (
			);
			inputPaths = (
				"${PODS_PODFILE_DIR_PATH}/Podfile.lock",
				"${PODS_ROOT}/Manifest.lock",
			);
			name = "[CP] Check Pods Manifest.lock";
			outputFileListPaths = (
			);
			outputPaths = (
				"$(DERIVED_FILE_DIR)/Pods-FactsAssignment-checkManifestLockResult.txt",
			);
			runOnlyForDeploymentPostprocessing = 0;
			shellPath = /bin/sh;
			shellScript = "diff \"${PODS_PODFILE_DIR_PATH}/Podfile.lock\" \"${PODS_ROOT}/Manifest.lock\" > /dev/null\nif [ $? != 0 ] ; then\n    # print error to STDERR\n    echo \"error: The sandbox is not in sync with the Podfile.lock. Run 'pod install' or update your CocoaPods installation.\" >&2\n    exit 1\nfi\n# This output is used by Xcode 'outputs' to avoid re-running this script phase.\necho \"SUCCESS\" > \"${SCRIPT_OUTPUT_FILE_0}\"\n";
			showEnvVarsInLog = 0;
		};
		FF5CE5FB72274BCD855E8579 /* [CP] Embed Pods Frameworks */ = {
			isa = PBXShellScriptBuildPhase;
			buildActionMask = 2147483647;
			files = (
			);
			inputFileListPaths = (
				"${PODS_ROOT}/Target Support Files/Pods-FactsAssignmentTests/Pods-FactsAssignmentTests-frameworks-${CONFIGURATION}-input-files.xcfilelist",
			);
			name = "[CP] Embed Pods Frameworks";
			outputFileListPaths = (
				"${PODS_ROOT}/Target Support Files/Pods-FactsAssignmentTests/Pods-FactsAssignmentTests-frameworks-${CONFIGURATION}-output-files.xcfilelist",
			);
			runOnlyForDeploymentPostprocessing = 0;
			shellPath = /bin/sh;
			shellScript = "\"${PODS_ROOT}/Target Support Files/Pods-FactsAssignmentTests/Pods-FactsAssignmentTests-frameworks.sh\"\n";
			showEnvVarsInLog = 0;
		};
		FFB7C6CB911313035C910D21 /* [CP] Check Pods Manifest.lock */ = {
			isa = PBXShellScriptBuildPhase;
			buildActionMask = 2147483647;
			files = (
			);
			inputFileListPaths = (
			);
			inputPaths = (
				"${PODS_PODFILE_DIR_PATH}/Podfile.lock",
				"${PODS_ROOT}/Manifest.lock",
			);
			name = "[CP] Check Pods Manifest.lock";
			outputFileListPaths = (
			);
			outputPaths = (
				"$(DERIVED_FILE_DIR)/Pods-FactsAssignmentTests-checkManifestLockResult.txt",
			);
			runOnlyForDeploymentPostprocessing = 0;
			shellPath = /bin/sh;
			shellScript = "diff \"${PODS_PODFILE_DIR_PATH}/Podfile.lock\" \"${PODS_ROOT}/Manifest.lock\" > /dev/null\nif [ $? != 0 ] ; then\n    # print error to STDERR\n    echo \"error: The sandbox is not in sync with the Podfile.lock. Run 'pod install' or update your CocoaPods installation.\" >&2\n    exit 1\nfi\n# This output is used by Xcode 'outputs' to avoid re-running this script phase.\necho \"SUCCESS\" > \"${SCRIPT_OUTPUT_FILE_0}\"\n";
			showEnvVarsInLog = 0;
		};
/* End PBXShellScriptBuildPhase section */

/* Begin PBXSourcesBuildPhase section */
		BBDD822224B7613700A1B417 /* Sources */ = {
			isa = PBXSourcesBuildPhase;
			buildActionMask = 2147483647;
			files = (
				BBE340C924B8F97A007A7166 /* FactsViewController + DataSource.swift in Sources */,
				BBE3C2AB24B8766F00A7E106 /* RetrieveFactsService.swift in Sources */,
				BB4346AB24B7747000BA275C /* Extension.swift in Sources */,
				BBDD822A24B7613700A1B417 /* AppDelegate.swift in Sources */,
				BBDD822C24B7613700A1B417 /* SceneDelegate.swift in Sources */,
				BBE340C724B8F711007A7166 /* FactsViewModel.swift in Sources */,
				BBDD825B24B7629B00A1B417 /* FactsViewController.swift in Sources */,
				BB0B8AEE24B77018003AE127 /* RowTableViewCell.swift in Sources */,
				BB4346AF24B776CF00BA275C /* FactsModel.swift in Sources */,
			);
			runOnlyForDeploymentPostprocessing = 0;
		};
		BBDD823B24B7613900A1B417 /* Sources */ = {
			isa = PBXSourcesBuildPhase;
			buildActionMask = 2147483647;
			files = (
				BBE340D124B915C3007A7166 /* FactsViewModelTest.swift in Sources */,
				BBE340CC24B9137F007A7166 /* RetrieveFactsService.swift in Sources */,
				BBE340D224B91669007A7166 /* FactsViewModel.swift in Sources */,
				BBDD824424B7613900A1B417 /* RetrieveFactsServiceTest.swift in Sources */,
				BBE340CD24B914A3007A7166 /* FactsModel.swift in Sources */,
			);
			runOnlyForDeploymentPostprocessing = 0;
		};
/* End PBXSourcesBuildPhase section */

/* Begin PBXTargetDependency section */
		BBDD824124B7613900A1B417 /* PBXTargetDependency */ = {
			isa = PBXTargetDependency;
			target = BBDD822524B7613700A1B417 /* FactsAssignment */;
			targetProxy = BBDD824024B7613900A1B417 /* PBXContainerItemProxy */;
		};
/* End PBXTargetDependency section */

/* Begin PBXVariantGroup section */
		BBDD823724B7613900A1B417 /* LaunchScreen.storyboard */ = {
			isa = PBXVariantGroup;
			children = (
				BBDD823824B7613900A1B417 /* Base */,
			);
			name = LaunchScreen.storyboard;
			sourceTree = "<group>";
		};
/* End PBXVariantGroup section */

/* Begin XCBuildConfiguration section */
		BBDD824624B7613900A1B417 /* Debug */ = {
			isa = XCBuildConfiguration;
			buildSettings = {
				ALWAYS_SEARCH_USER_PATHS = NO;
				CLANG_ANALYZER_NONNULL = YES;
				CLANG_ANALYZER_NUMBER_OBJECT_CONVERSION = YES_AGGRESSIVE;
				CLANG_CXX_LANGUAGE_STANDARD = "gnu++14";
				CLANG_CXX_LIBRARY = "libc++";
				CLANG_ENABLE_MODULES = YES;
				CLANG_ENABLE_OBJC_ARC = YES;
				CLANG_ENABLE_OBJC_WEAK = YES;
				CLANG_WARN_BLOCK_CAPTURE_AUTORELEASING = YES;
				CLANG_WARN_BOOL_CONVERSION = YES;
				CLANG_WARN_COMMA = YES;
				CLANG_WARN_CONSTANT_CONVERSION = YES;
				CLANG_WARN_DEPRECATED_OBJC_IMPLEMENTATIONS = YES;
				CLANG_WARN_DIRECT_OBJC_ISA_USAGE = YES_ERROR;
				CLANG_WARN_DOCUMENTATION_COMMENTS = YES;
				CLANG_WARN_EMPTY_BODY = YES;
				CLANG_WARN_ENUM_CONVERSION = YES;
				CLANG_WARN_INFINITE_RECURSION = YES;
				CLANG_WARN_INT_CONVERSION = YES;
				CLANG_WARN_NON_LITERAL_NULL_CONVERSION = YES;
				CLANG_WARN_OBJC_IMPLICIT_RETAIN_SELF = YES;
				CLANG_WARN_OBJC_LITERAL_CONVERSION = YES;
				CLANG_WARN_OBJC_ROOT_CLASS = YES_ERROR;
				CLANG_WARN_RANGE_LOOP_ANALYSIS = YES;
				CLANG_WARN_STRICT_PROTOTYPES = YES;
				CLANG_WARN_SUSPICIOUS_MOVE = YES;
				CLANG_WARN_UNGUARDED_AVAILABILITY = YES_AGGRESSIVE;
				CLANG_WARN_UNREACHABLE_CODE = YES;
				CLANG_WARN__DUPLICATE_METHOD_MATCH = YES;
				COPY_PHASE_STRIP = NO;
				DEBUG_INFORMATION_FORMAT = dwarf;
				DEFINES_MODULE = YES;
				ENABLE_STRICT_OBJC_MSGSEND = YES;
				ENABLE_TESTABILITY = YES;
				GCC_C_LANGUAGE_STANDARD = gnu11;
				GCC_DYNAMIC_NO_PIC = NO;
				GCC_NO_COMMON_BLOCKS = YES;
				GCC_OPTIMIZATION_LEVEL = 0;
				GCC_PREPROCESSOR_DEFINITIONS = (
					"DEBUG=1",
					"$(inherited)",
				);
				GCC_WARN_64_TO_32_BIT_CONVERSION = YES;
				GCC_WARN_ABOUT_RETURN_TYPE = YES_ERROR;
				GCC_WARN_UNDECLARED_SELECTOR = YES;
				GCC_WARN_UNINITIALIZED_AUTOS = YES_AGGRESSIVE;
				GCC_WARN_UNUSED_FUNCTION = YES;
				GCC_WARN_UNUSED_VARIABLE = YES;
				IPHONEOS_DEPLOYMENT_TARGET = 13.1;
				MTL_ENABLE_DEBUG_INFO = INCLUDE_SOURCE;
				MTL_FAST_MATH = YES;
				ONLY_ACTIVE_ARCH = YES;
				SDKROOT = iphoneos;
				SWIFT_ACTIVE_COMPILATION_CONDITIONS = DEBUG;
				SWIFT_OPTIMIZATION_LEVEL = "-Onone";
			};
			name = Debug;
		};
		BBDD824724B7613900A1B417 /* Release */ = {
			isa = XCBuildConfiguration;
			buildSettings = {
				ALWAYS_SEARCH_USER_PATHS = NO;
				CLANG_ANALYZER_NONNULL = YES;
				CLANG_ANALYZER_NUMBER_OBJECT_CONVERSION = YES_AGGRESSIVE;
				CLANG_CXX_LANGUAGE_STANDARD = "gnu++14";
				CLANG_CXX_LIBRARY = "libc++";
				CLANG_ENABLE_MODULES = YES;
				CLANG_ENABLE_OBJC_ARC = YES;
				CLANG_ENABLE_OBJC_WEAK = YES;
				CLANG_WARN_BLOCK_CAPTURE_AUTORELEASING = YES;
				CLANG_WARN_BOOL_CONVERSION = YES;
				CLANG_WARN_COMMA = YES;
				CLANG_WARN_CONSTANT_CONVERSION = YES;
				CLANG_WARN_DEPRECATED_OBJC_IMPLEMENTATIONS = YES;
				CLANG_WARN_DIRECT_OBJC_ISA_USAGE = YES_ERROR;
				CLANG_WARN_DOCUMENTATION_COMMENTS = YES;
				CLANG_WARN_EMPTY_BODY = YES;
				CLANG_WARN_ENUM_CONVERSION = YES;
				CLANG_WARN_INFINITE_RECURSION = YES;
				CLANG_WARN_INT_CONVERSION = YES;
				CLANG_WARN_NON_LITERAL_NULL_CONVERSION = YES;
				CLANG_WARN_OBJC_IMPLICIT_RETAIN_SELF = YES;
				CLANG_WARN_OBJC_LITERAL_CONVERSION = YES;
				CLANG_WARN_OBJC_ROOT_CLASS = YES_ERROR;
				CLANG_WARN_RANGE_LOOP_ANALYSIS = YES;
				CLANG_WARN_STRICT_PROTOTYPES = YES;
				CLANG_WARN_SUSPICIOUS_MOVE = YES;
				CLANG_WARN_UNGUARDED_AVAILABILITY = YES_AGGRESSIVE;
				CLANG_WARN_UNREACHABLE_CODE = YES;
				CLANG_WARN__DUPLICATE_METHOD_MATCH = YES;
				COPY_PHASE_STRIP = NO;
				DEBUG_INFORMATION_FORMAT = "dwarf-with-dsym";
				DEFINES_MODULE = YES;
				ENABLE_NS_ASSERTIONS = NO;
				ENABLE_STRICT_OBJC_MSGSEND = YES;
				GCC_C_LANGUAGE_STANDARD = gnu11;
				GCC_NO_COMMON_BLOCKS = YES;
				GCC_WARN_64_TO_32_BIT_CONVERSION = YES;
				GCC_WARN_ABOUT_RETURN_TYPE = YES_ERROR;
				GCC_WARN_UNDECLARED_SELECTOR = YES;
				GCC_WARN_UNINITIALIZED_AUTOS = YES_AGGRESSIVE;
				GCC_WARN_UNUSED_FUNCTION = YES;
				GCC_WARN_UNUSED_VARIABLE = YES;
				IPHONEOS_DEPLOYMENT_TARGET = 13.1;
				MTL_ENABLE_DEBUG_INFO = NO;
				MTL_FAST_MATH = YES;
				SDKROOT = iphoneos;
				SWIFT_COMPILATION_MODE = wholemodule;
				SWIFT_OPTIMIZATION_LEVEL = "-O";
				VALIDATE_PRODUCT = YES;
			};
			name = Release;
		};
		BBDD824924B7613900A1B417 /* Debug */ = {
			isa = XCBuildConfiguration;
			baseConfigurationReference = BB0716C00BA75187DC481B3C /* Pods-FactsAssignment.debug.xcconfig */;
			buildSettings = {
				ASSETCATALOG_COMPILER_APPICON_NAME = AppIcon;
				CODE_SIGN_STYLE = Automatic;
				INFOPLIST_FILE = FactsAssignment/Info.plist;
				LD_RUNPATH_SEARCH_PATHS = (
					"$(inherited)",
					"@executable_path/Frameworks",
				);
				PRODUCT_BUNDLE_IDENTIFIER = com.pratiksha.FactsAssignment;
				PRODUCT_NAME = "$(TARGET_NAME)";
				SWIFT_VERSION = 5.0;
				TARGETED_DEVICE_FAMILY = "1,2";
			};
			name = Debug;
		};
		BBDD824A24B7613900A1B417 /* Release */ = {
			isa = XCBuildConfiguration;
			baseConfigurationReference = 8064A614230697484496B961 /* Pods-FactsAssignment.release.xcconfig */;
			buildSettings = {
				ASSETCATALOG_COMPILER_APPICON_NAME = AppIcon;
				CODE_SIGN_STYLE = Automatic;
				INFOPLIST_FILE = FactsAssignment/Info.plist;
				LD_RUNPATH_SEARCH_PATHS = (
					"$(inherited)",
					"@executable_path/Frameworks",
				);
				PRODUCT_BUNDLE_IDENTIFIER = com.pratiksha.FactsAssignment;
				PRODUCT_NAME = "$(TARGET_NAME)";
				SWIFT_VERSION = 5.0;
				TARGETED_DEVICE_FAMILY = "1,2";
			};
			name = Release;
		};
		BBDD824C24B7613900A1B417 /* Debug */ = {
			isa = XCBuildConfiguration;
			baseConfigurationReference = 49E9DC42BA822C6ECAC3D995 /* Pods-FactsAssignmentTests.debug.xcconfig */;
			buildSettings = {
				ALWAYS_EMBED_SWIFT_STANDARD_LIBRARIES = YES;
				BUNDLE_LOADER = "$(TEST_HOST)";
				CODE_SIGN_STYLE = Automatic;
				INFOPLIST_FILE = FactsAssignmentTests/Info.plist;
				IPHONEOS_DEPLOYMENT_TARGET = 13.1;
				LD_RUNPATH_SEARCH_PATHS = (
					"$(inherited)",
					"@executable_path/Frameworks",
					"@loader_path/Frameworks",
				);
				PRODUCT_BUNDLE_IDENTIFIER = com.pratiksha.FactsAssignmentTests;
				PRODUCT_NAME = "$(TARGET_NAME)";
				SWIFT_VERSION = 5.0;
				TARGETED_DEVICE_FAMILY = "1,2";
				TEST_HOST = "$(BUILT_PRODUCTS_DIR)/FactsAssignment.app/FactsAssignment";
			};
			name = Debug;
		};
		BBDD824D24B7613900A1B417 /* Release */ = {
			isa = XCBuildConfiguration;
			baseConfigurationReference = 75D7645BAE4DE08663E73236 /* Pods-FactsAssignmentTests.release.xcconfig */;
			buildSettings = {
				ALWAYS_EMBED_SWIFT_STANDARD_LIBRARIES = YES;
				BUNDLE_LOADER = "$(TEST_HOST)";
				CODE_SIGN_STYLE = Automatic;
				INFOPLIST_FILE = FactsAssignmentTests/Info.plist;
				IPHONEOS_DEPLOYMENT_TARGET = 13.1;
				LD_RUNPATH_SEARCH_PATHS = (
					"$(inherited)",
					"@executable_path/Frameworks",
					"@loader_path/Frameworks",
				);
				PRODUCT_BUNDLE_IDENTIFIER = com.pratiksha.FactsAssignmentTests;
				PRODUCT_NAME = "$(TARGET_NAME)";
				SWIFT_VERSION = 5.0;
				TARGETED_DEVICE_FAMILY = "1,2";
				TEST_HOST = "$(BUILT_PRODUCTS_DIR)/FactsAssignment.app/FactsAssignment";
			};
			name = Release;
		};
/* End XCBuildConfiguration section */

/* Begin XCConfigurationList section */
		BBDD822124B7613700A1B417 /* Build configuration list for PBXProject "FactsAssignment" */ = {
			isa = XCConfigurationList;
			buildConfigurations = (
				BBDD824624B7613900A1B417 /* Debug */,
				BBDD824724B7613900A1B417 /* Release */,
			);
			defaultConfigurationIsVisible = 0;
			defaultConfigurationName = Release;
		};
		BBDD824824B7613900A1B417 /* Build configuration list for PBXNativeTarget "FactsAssignment" */ = {
			isa = XCConfigurationList;
			buildConfigurations = (
				BBDD824924B7613900A1B417 /* Debug */,
				BBDD824A24B7613900A1B417 /* Release */,
			);
			defaultConfigurationIsVisible = 0;
			defaultConfigurationName = Release;
		};
		BBDD824B24B7613900A1B417 /* Build configuration list for PBXNativeTarget "FactsAssignmentTests" */ = {
			isa = XCConfigurationList;
			buildConfigurations = (
				BBDD824C24B7613900A1B417 /* Debug */,
				BBDD824D24B7613900A1B417 /* Release */,
			);
			defaultConfigurationIsVisible = 0;
			defaultConfigurationName = Release;
		};
/* End XCConfigurationList section */
	};
	rootObject = BBDD821E24B7613700A1B417 /* Project object */;
}
